
Microsoft Visual Studio Solution File, Format Version 12.00
Project("{F2A71F9B-5D33-465A-A702-920D77279786}") = "laundry-notifier", "laundry-notifier\laundry-notifier.fsproj", "{AFBB03FC-A9F4-49B1-8652-21450F6B917E}"
EndProject
Global
	GlobalSection(SolutionConfigurationPlatforms) = preSolution
		Debug|Any CPU = Debug|Any CPU
		Release|Any CPU = Release|Any CPU
	EndGlobalSection
	GlobalSection(ProjectConfigurationPlatforms) = postSolution
		{AFBB03FC-A9F4-49B1-8652-21450F6B917E}.Debug|Any CPU.ActiveCfg = Debug|Any CPU
		{AFBB03FC-A9F4-49B1-8652-21450F6B917E}.Debug|Any CPU.Build.0 = Debug|Any CPU
		{AFBB03FC-A9F4-49B1-8652-21450F6B917E}.Release|Any CPU.ActiveCfg = Release|Any CPU
		{AFBB03FC-A9F4-49B1-8652-21450F6B917E}.Release|Any CPU.Build.0 = Release|Any CPU
	EndGlobalSection
EndGlobal
